
Microsoft Visual Studio Solution File, Format Version 12.00
# Visual Studio Version 17
VisualStudioVersion = 17.14.36401.2 d17.14
MinimumVisualStudioVersion = 10.0.40219.1
Project("{FAE04EC0-301F-11D3-BF4B-00C04F79EFBC}") = "GroupBoxDemo", "GroupBoxDemo\GroupBoxDemo.csproj", "{D9291494-5753-4AC1-9515-67ABA0F4483D}"
EndProject
Global
	GlobalSection(SolutionConfigurationPlatforms) = preSolution
		Debug|Any CPU = Debug|Any CPU
		Release|Any CPU = Release|Any CPU
	EndGlobalSection
	GlobalSection(ProjectConfigurationPlatforms) = postSolution
		{D9291494-5753-4AC1-9515-67ABA0F4483D}.Debug|Any CPU.ActiveCfg = Debug|Any CPU
		{D9291494-5753-4AC1-9515-67ABA0F4483D}.Debug|Any CPU.Build.0 = Debug|Any CPU
		{D9291494-5753-4AC1-9515-67ABA0F4483D}.Release|Any CPU.ActiveCfg = Release|Any CPU
		{D9291494-5753-4AC1-9515-67ABA0F4483D}.Release|Any CPU.Build.0 = Release|Any CPU
	EndGlobalSection
	GlobalSection(SolutionProperties) = preSolution
		HideSolutionNode = FALSE
	EndGlobalSection
	GlobalSection(ExtensibilityGlobals) = postSolution
		SolutionGuid = {9A4B5FC2-8C6F-49AA-8461-9F6412DC449B}
	EndGlobalSection
EndGlobal
